
Microsoft Visual Studio Solution File, Format Version 12.00
# Visual Studio 2012
Project("{FAE04EC0-301F-11D3-BF4B-00C04F79EFBC}") = "ClassLibrary1", "ClassLibrary1\ClassLibrary1.csproj", "{3A7D0F62-D9EC-4239-A77A-BE3BD8EFAFFC}"
EndProject
Project("{FAE04EC0-301F-11D3-BF4B-00C04F79EFBC}") = "ClassLibrary2", "ClassLibrary2\ClassLibrary2.csproj", "{F93AFB43-5E90-4253-A0FF-20EDBBCE1F12}"
EndProject
Global
	GlobalSection(SolutionConfigurationPlatforms) = preSolution
		Debug|Any CPU = Debug|Any CPU
		Release|Any CPU = Release|Any CPU
	EndGlobalSection
	GlobalSection(ProjectConfigurationPlatforms) = postSolution
		{3A7D0F62-D9EC-4239-A77A-BE3BD8EFAFFC}.Debug|Any CPU.ActiveCfg = Debug|Any CPU
		{3A7D0F62-D9EC-4239-A77A-BE3BD8EFAFFC}.Debug|Any CPU.Build.0 = Debug|Any CPU
		{3A7D0F62-D9EC-4239-A77A-BE3BD8EFAFFC}.Release|Any CPU.ActiveCfg = Release|Any CPU
		{3A7D0F62-D9EC-4239-A77A-BE3BD8EFAFFC}.Release|Any CPU.Build.0 = Release|Any CPU
		{F93AFB43-5E90-4253-A0FF-20EDBBCE1F12}.Debug|Any CPU.ActiveCfg = Debug|Any CPU
		{F93AFB43-5E90-4253-A0FF-20EDBBCE1F12}.Debug|Any CPU.Build.0 = Debug|Any CPU
		{F93AFB43-5E90-4253-A0FF-20EDBBCE1F12}.Release|Any CPU.ActiveCfg = Release|Any CPU
		{F93AFB43-5E90-4253-A0FF-20EDBBCE1F12}.Release|Any CPU.Build.0 = Release|Any CPU
	EndGlobalSection
	GlobalSection(SolutionProperties) = preSolution
		HideSolutionNode = FALSE
	EndGlobalSection
EndGlobal
