
Microsoft Visual Studio Solution File, Format Version 12.00
# Visual Studio 2013
VisualStudioVersion = 12.0.30324.0
MinimumVisualStudioVersion = 10.0.40219.1
Project("{FAE04EC0-301F-11D3-BF4B-00C04F79EFBC}") = "Zajecia1_FizzBuzz", "Zajecia1_FizzBuzz\Zajecia1_FizzBuzz.csproj", "{B93BA6B7-07B6-4241-BF5D-2A6B9ED37BB1}"
EndProject
Project("{FAE04EC0-301F-11D3-BF4B-00C04F79EFBC}") = "Zajecia1_FizzBazz_GUI", "Zajecia1_FizzBazz_GUI\Zajecia1_FizzBazz_GUI.csproj", "{272BCEBC-C759-4D1C-BA8A-ED1617B6CD46}"
EndProject
Project("{FAE04EC0-301F-11D3-BF4B-00C04F79EFBC}") = "Zajecia1_FizzBazz_GUI_WPF", "Zajecia1_FizzBazz_GUI_WPF\Zajecia1_FizzBazz_GUI_WPF.csproj", "{33AADFF3-3E65-4CCF-814D-05954FC527C6}"
EndProject
Project("{FAE04EC0-301F-11D3-BF4B-00C04F79EFBC}") = "Zajecia2_Geo", "Zajecia2_Geo\Zajecia2_Geo.csproj", "{66511CEA-3324-46FB-AE17-55D509D4FFFA}"
EndProject
Project("{FAE04EC0-301F-11D3-BF4B-00C04F79EFBC}") = "Zajecia3_MVCAngular", "Zajecia3_MVCAngular\Zajecia3_MVCAngular.csproj", "{0A6B8BAE-C79D-4FFF-A711-C899D4D7CFE0}"
EndProject
Project("{FAE04EC0-301F-11D3-BF4B-00C04F79EFBC}") = "Zajecia4_EventsMVC", "Zajecia4_EventsMVC\Zajecia4_EventsMVC.csproj", "{19A10824-5ABD-4287-81DA-86E84FDEC161}"
EndProject
Project("{FAE04EC0-301F-11D3-BF4B-00C04F79EFBC}") = "Zajecia4_EventsApplication", "Zajecia4_EventsApplication\Zajecia4_EventsApplication.csproj", "{95C16057-4F27-4BCA-BABA-17AD2064BB8A}"
EndProject
Project("{FAE04EC0-301F-11D3-BF4B-00C04F79EFBC}") = "Zajecia4_EventsRepository", "Zajecia4_EventsRepository\Zajecia4_EventsRepository.csproj", "{EBC9DCED-2AF8-447F-960F-5A4ACD0965E1}"
EndProject
Project("{FAE04EC0-301F-11D3-BF4B-00C04F79EFBC}") = "Zajecia4_EventsIRepository", "Zajecia4_EventsIRepository\Zajecia4_EventsIRepository.csproj", "{191612A3-10DD-4922-9052-277C41E459CC}"
EndProject
Project("{FAE04EC0-301F-11D3-BF4B-00C04F79EFBC}") = "Zajecia4_EventsIApplication", "Zajecia4_EventsIApplication\Zajecia4_EventsIApplication.csproj", "{76FA0ADE-EF0B-4D90-81AA-F888843F27F8}"
EndProject
Project("{2150E333-8FDC-42A3-9474-1A3956D46DE8}") = "Zajecia4", "Zajecia4", "{29B6DE43-20C0-45F4-AC4D-6440D613BBFF}"
EndProject
Project("{FAE04EC0-301F-11D3-BF4B-00C04F79EFBC}") = "Zajecia5_KwadratProstokat", "Zajecia5_KwadratProstokat\Zajecia5_KwadratProstokat.csproj", "{2F6E8148-8FFE-497A-8BA4-D05E76580BAE}"
EndProject
Project("{FAE04EC0-301F-11D3-BF4B-00C04F79EFBC}") = "Autofack", "Autofack\Autofack.csproj", "{35DE60E5-D3C6-4295-9D0B-85337C9491CB}"
EndProject
Project("{2150E333-8FDC-42A3-9474-1A3956D46DE8}") = "Kolokwium", "Kolokwium", "{9EA13D11-A037-483B-8E97-4284CE3C7275}"
EndProject
Project("{FAE04EC0-301F-11D3-BF4B-00C04F79EFBC}") = "Kolokwium_FizzBuzzLogic", "FizzBuzzLogic\Kolokwium_FizzBuzzLogic.csproj", "{6E88EC0E-8611-4493-8630-667A9EEE5349}"
EndProject
Project("{FAE04EC0-301F-11D3-BF4B-00C04F79EFBC}") = "Kolokwium_FizzBuzzUI", "Kolokwium_FizzBuzzUI\Kolokwium_FizzBuzzUI.csproj", "{9FBC93C5-CA92-4235-8A35-328EF36E6C81}"
EndProject
Project("{FAE04EC0-301F-11D3-BF4B-00C04F79EFBC}") = "Kolokwium_MvcAutofacRepo", "Kolokwium_MvcAutofacRepo\Kolokwium_MvcAutofacRepo.csproj", "{1A07ED6A-E9CF-4FED-927A-F6918E2AE5CD}"
EndProject
Project("{FAE04EC0-301F-11D3-BF4B-00C04F79EFBC}") = "Kolokwium_MvcAutofacUI", "Kolokwium_MvcAutofacUI\Kolokwium_MvcAutofacUI.csproj", "{081265E0-34B2-482A-BB60-9499D88BDE93}"
EndProject
Global
	GlobalSection(SolutionConfigurationPlatforms) = preSolution
		Debug|Any CPU = Debug|Any CPU
		Release|Any CPU = Release|Any CPU
	EndGlobalSection
	GlobalSection(ProjectConfigurationPlatforms) = postSolution
		{B93BA6B7-07B6-4241-BF5D-2A6B9ED37BB1}.Debug|Any CPU.ActiveCfg = Debug|Any CPU
		{B93BA6B7-07B6-4241-BF5D-2A6B9ED37BB1}.Debug|Any CPU.Build.0 = Debug|Any CPU
		{B93BA6B7-07B6-4241-BF5D-2A6B9ED37BB1}.Release|Any CPU.ActiveCfg = Release|Any CPU
		{B93BA6B7-07B6-4241-BF5D-2A6B9ED37BB1}.Release|Any CPU.Build.0 = Release|Any CPU
		{272BCEBC-C759-4D1C-BA8A-ED1617B6CD46}.Debug|Any CPU.ActiveCfg = Debug|Any CPU
		{272BCEBC-C759-4D1C-BA8A-ED1617B6CD46}.Debug|Any CPU.Build.0 = Debug|Any CPU
		{272BCEBC-C759-4D1C-BA8A-ED1617B6CD46}.Release|Any CPU.ActiveCfg = Release|Any CPU
		{272BCEBC-C759-4D1C-BA8A-ED1617B6CD46}.Release|Any CPU.Build.0 = Release|Any CPU
		{33AADFF3-3E65-4CCF-814D-05954FC527C6}.Debug|Any CPU.ActiveCfg = Debug|Any CPU
		{33AADFF3-3E65-4CCF-814D-05954FC527C6}.Debug|Any CPU.Build.0 = Debug|Any CPU
		{33AADFF3-3E65-4CCF-814D-05954FC527C6}.Release|Any CPU.ActiveCfg = Release|Any CPU
		{33AADFF3-3E65-4CCF-814D-05954FC527C6}.Release|Any CPU.Build.0 = Release|Any CPU
		{66511CEA-3324-46FB-AE17-55D509D4FFFA}.Debug|Any CPU.ActiveCfg = Debug|Any CPU
		{66511CEA-3324-46FB-AE17-55D509D4FFFA}.Debug|Any CPU.Build.0 = Debug|Any CPU
		{66511CEA-3324-46FB-AE17-55D509D4FFFA}.Release|Any CPU.ActiveCfg = Release|Any CPU
		{66511CEA-3324-46FB-AE17-55D509D4FFFA}.Release|Any CPU.Build.0 = Release|Any CPU
		{0A6B8BAE-C79D-4FFF-A711-C899D4D7CFE0}.Debug|Any CPU.ActiveCfg = Debug|Any CPU
		{0A6B8BAE-C79D-4FFF-A711-C899D4D7CFE0}.Debug|Any CPU.Build.0 = Debug|Any CPU
		{0A6B8BAE-C79D-4FFF-A711-C899D4D7CFE0}.Release|Any CPU.ActiveCfg = Release|Any CPU
		{0A6B8BAE-C79D-4FFF-A711-C899D4D7CFE0}.Release|Any CPU.Build.0 = Release|Any CPU
		{19A10824-5ABD-4287-81DA-86E84FDEC161}.Debug|Any CPU.ActiveCfg = Debug|Any CPU
		{19A10824-5ABD-4287-81DA-86E84FDEC161}.Debug|Any CPU.Build.0 = Debug|Any CPU
		{19A10824-5ABD-4287-81DA-86E84FDEC161}.Release|Any CPU.ActiveCfg = Release|Any CPU
		{19A10824-5ABD-4287-81DA-86E84FDEC161}.Release|Any CPU.Build.0 = Release|Any CPU
		{95C16057-4F27-4BCA-BABA-17AD2064BB8A}.Debug|Any CPU.ActiveCfg = Debug|Any CPU
		{95C16057-4F27-4BCA-BABA-17AD2064BB8A}.Debug|Any CPU.Build.0 = Debug|Any CPU
		{95C16057-4F27-4BCA-BABA-17AD2064BB8A}.Release|Any CPU.ActiveCfg = Release|Any CPU
		{95C16057-4F27-4BCA-BABA-17AD2064BB8A}.Release|Any CPU.Build.0 = Release|Any CPU
		{EBC9DCED-2AF8-447F-960F-5A4ACD0965E1}.Debug|Any CPU.ActiveCfg = Debug|Any CPU
		{EBC9DCED-2AF8-447F-960F-5A4ACD0965E1}.Debug|Any CPU.Build.0 = Debug|Any CPU
		{EBC9DCED-2AF8-447F-960F-5A4ACD0965E1}.Release|Any CPU.ActiveCfg = Release|Any CPU
		{EBC9DCED-2AF8-447F-960F-5A4ACD0965E1}.Release|Any CPU.Build.0 = Release|Any CPU
		{191612A3-10DD-4922-9052-277C41E459CC}.Debug|Any CPU.ActiveCfg = Debug|Any CPU
		{191612A3-10DD-4922-9052-277C41E459CC}.Debug|Any CPU.Build.0 = Debug|Any CPU
		{191612A3-10DD-4922-9052-277C41E459CC}.Release|Any CPU.ActiveCfg = Release|Any CPU
		{191612A3-10DD-4922-9052-277C41E459CC}.Release|Any CPU.Build.0 = Release|Any CPU
		{76FA0ADE-EF0B-4D90-81AA-F888843F27F8}.Debug|Any CPU.ActiveCfg = Debug|Any CPU
		{76FA0ADE-EF0B-4D90-81AA-F888843F27F8}.Debug|Any CPU.Build.0 = Debug|Any CPU
		{76FA0ADE-EF0B-4D90-81AA-F888843F27F8}.Release|Any CPU.ActiveCfg = Release|Any CPU
		{76FA0ADE-EF0B-4D90-81AA-F888843F27F8}.Release|Any CPU.Build.0 = Release|Any CPU
		{2F6E8148-8FFE-497A-8BA4-D05E76580BAE}.Debug|Any CPU.ActiveCfg = Debug|Any CPU
		{2F6E8148-8FFE-497A-8BA4-D05E76580BAE}.Debug|Any CPU.Build.0 = Debug|Any CPU
		{2F6E8148-8FFE-497A-8BA4-D05E76580BAE}.Release|Any CPU.ActiveCfg = Release|Any CPU
		{2F6E8148-8FFE-497A-8BA4-D05E76580BAE}.Release|Any CPU.Build.0 = Release|Any CPU
		{35DE60E5-D3C6-4295-9D0B-85337C9491CB}.Debug|Any CPU.ActiveCfg = Debug|Any CPU
		{35DE60E5-D3C6-4295-9D0B-85337C9491CB}.Debug|Any CPU.Build.0 = Debug|Any CPU
		{35DE60E5-D3C6-4295-9D0B-85337C9491CB}.Release|Any CPU.ActiveCfg = Release|Any CPU
		{35DE60E5-D3C6-4295-9D0B-85337C9491CB}.Release|Any CPU.Build.0 = Release|Any CPU
		{6E88EC0E-8611-4493-8630-667A9EEE5349}.Debug|Any CPU.ActiveCfg = Debug|Any CPU
		{6E88EC0E-8611-4493-8630-667A9EEE5349}.Debug|Any CPU.Build.0 = Debug|Any CPU
		{6E88EC0E-8611-4493-8630-667A9EEE5349}.Release|Any CPU.ActiveCfg = Release|Any CPU
		{6E88EC0E-8611-4493-8630-667A9EEE5349}.Release|Any CPU.Build.0 = Release|Any CPU
		{9FBC93C5-CA92-4235-8A35-328EF36E6C81}.Debug|Any CPU.ActiveCfg = Debug|Any CPU
		{9FBC93C5-CA92-4235-8A35-328EF36E6C81}.Debug|Any CPU.Build.0 = Debug|Any CPU
		{9FBC93C5-CA92-4235-8A35-328EF36E6C81}.Release|Any CPU.ActiveCfg = Release|Any CPU
		{9FBC93C5-CA92-4235-8A35-328EF36E6C81}.Release|Any CPU.Build.0 = Release|Any CPU
		{1A07ED6A-E9CF-4FED-927A-F6918E2AE5CD}.Debug|Any CPU.ActiveCfg = Debug|Any CPU
		{1A07ED6A-E9CF-4FED-927A-F6918E2AE5CD}.Debug|Any CPU.Build.0 = Debug|Any CPU
		{1A07ED6A-E9CF-4FED-927A-F6918E2AE5CD}.Release|Any CPU.ActiveCfg = Release|Any CPU
		{1A07ED6A-E9CF-4FED-927A-F6918E2AE5CD}.Release|Any CPU.Build.0 = Release|Any CPU
		{081265E0-34B2-482A-BB60-9499D88BDE93}.Debug|Any CPU.ActiveCfg = Debug|Any CPU
		{081265E0-34B2-482A-BB60-9499D88BDE93}.Debug|Any CPU.Build.0 = Debug|Any CPU
		{081265E0-34B2-482A-BB60-9499D88BDE93}.Release|Any CPU.ActiveCfg = Release|Any CPU
		{081265E0-34B2-482A-BB60-9499D88BDE93}.Release|Any CPU.Build.0 = Release|Any CPU
	EndGlobalSection
	GlobalSection(SolutionProperties) = preSolution
		HideSolutionNode = FALSE
	EndGlobalSection
	GlobalSection(NestedProjects) = preSolution
		{19A10824-5ABD-4287-81DA-86E84FDEC161} = {29B6DE43-20C0-45F4-AC4D-6440D613BBFF}
		{95C16057-4F27-4BCA-BABA-17AD2064BB8A} = {29B6DE43-20C0-45F4-AC4D-6440D613BBFF}
		{EBC9DCED-2AF8-447F-960F-5A4ACD0965E1} = {29B6DE43-20C0-45F4-AC4D-6440D613BBFF}
		{191612A3-10DD-4922-9052-277C41E459CC} = {29B6DE43-20C0-45F4-AC4D-6440D613BBFF}
		{76FA0ADE-EF0B-4D90-81AA-F888843F27F8} = {29B6DE43-20C0-45F4-AC4D-6440D613BBFF}
		{6E88EC0E-8611-4493-8630-667A9EEE5349} = {9EA13D11-A037-483B-8E97-4284CE3C7275}
		{9FBC93C5-CA92-4235-8A35-328EF36E6C81} = {9EA13D11-A037-483B-8E97-4284CE3C7275}
		{1A07ED6A-E9CF-4FED-927A-F6918E2AE5CD} = {9EA13D11-A037-483B-8E97-4284CE3C7275}
		{081265E0-34B2-482A-BB60-9499D88BDE93} = {9EA13D11-A037-483B-8E97-4284CE3C7275}
	EndGlobalSection
EndGlobal
