
Microsoft Visual Studio Solution File, Format Version 12.00
# Visual Studio 2012
Project("{FAE04EC0-301F-11D3-BF4B-00C04F79EFBC}") = "selenium", "selenium\selenium.csproj", "{769BA81F-EA3F-4F64-A021-6151DA12BC67}"
EndProject
Global
	GlobalSection(SolutionConfigurationPlatforms) = preSolution
		Debug|Any CPU = Debug|Any CPU
		Release|Any CPU = Release|Any CPU
	EndGlobalSection
	GlobalSection(ProjectConfigurationPlatforms) = postSolution
		{769BA81F-EA3F-4F64-A021-6151DA12BC67}.Debug|Any CPU.ActiveCfg = Debug|Any CPU
		{769BA81F-EA3F-4F64-A021-6151DA12BC67}.Debug|Any CPU.Build.0 = Debug|Any CPU
		{769BA81F-EA3F-4F64-A021-6151DA12BC67}.Release|Any CPU.ActiveCfg = Release|Any CPU
		{769BA81F-EA3F-4F64-A021-6151DA12BC67}.Release|Any CPU.Build.0 = Release|Any CPU
	EndGlobalSection
	GlobalSection(SolutionProperties) = preSolution
		HideSolutionNode = FALSE
	EndGlobalSection
EndGlobal
