
Microsoft Visual Studio Solution File, Format Version 12.00
# Visual Studio 2013
VisualStudioVersion = 12.0.21005.1
MinimumVisualStudioVersion = 10.0.40219.1
Project("{FAE04EC0-301F-11D3-BF4B-00C04F79EFBC}") = "FizzBuzz-Console", "FizzBuzz-Console\FizzBuzz-Console.csproj", "{DDAC4402-9EFE-4BB5-B978-2B7848F08C93}"
EndProject
Project("{FAE04EC0-301F-11D3-BF4B-00C04F79EFBC}") = "FizzBuzz-WPF", "FizzBuzz-WPF\FizzBuzz-WPF.csproj", "{BE6875A2-D471-4F58-9FC7-39FE09A1775D}"
EndProject
Project("{FAE04EC0-301F-11D3-BF4B-00C04F79EFBC}") = "FizzBuzz", "FizzBuzz\FizzBuzz.csproj", "{BFEB37F3-B8EC-436F-B8A8-2F66EDF79845}"
EndProject
Project("{FAE04EC0-301F-11D3-BF4B-00C04F79EFBC}") = "GeoParserTest", "GeoParserTest\GeoParserTest.csproj", "{6693C12D-AFC2-4491-ADF9-30C59136D235}"
EndProject
Project("{FAE04EC0-301F-11D3-BF4B-00C04F79EFBC}") = "FizzBuzzMVC", "FizzBuzzMVC\FizzBuzzMVC.csproj", "{7C2AE0D6-2B90-4297-ADB3-C45C26BA7B5C}"
EndProject
Project("{2150E333-8FDC-42A3-9474-1A3956D46DE8}") = "MVC Dep", "MVC Dep", "{417153F4-4AA8-4DBE-B109-BA62E6FB3EA6}"
EndProject
Project("{2150E333-8FDC-42A3-9474-1A3956D46DE8}") = "Fizz", "Fizz", "{AAF159A8-BDD5-4554-A06A-6FF50DF2AE83}"
EndProject
Project("{FAE04EC0-301F-11D3-BF4B-00C04F79EFBC}") = "MVC - DI", "MVC - DI\MVC - DI.csproj", "{7049884B-1794-485E-9AA3-72496AC24912}"
EndProject
Project("{FAE04EC0-301F-11D3-BF4B-00C04F79EFBC}") = "Repository", "TxtRepository\Repository.csproj", "{B7C6E9A4-709A-434C-9055-B1477A1CC3D3}"
EndProject
Project("{FAE04EC0-301F-11D3-BF4B-00C04F79EFBC}") = "Application", "Application\Application.csproj", "{06244BC2-5FB1-41CC-98A4-6ECA8544A208}"
EndProject
Project("{FAE04EC0-301F-11D3-BF4B-00C04F79EFBC}") = "Event", "Event\Event.csproj", "{41110D3F-FD80-4002-B626-D664CB9925B6}"
EndProject
Project("{2150E333-8FDC-42A3-9474-1A3956D46DE8}") = "LSP", "LSP", "{0D008D75-8C1A-4455-9B76-14B1E2C1AD5A}"
EndProject
Project("{FAE04EC0-301F-11D3-BF4B-00C04F79EFBC}") = "ObwodTest", "ObwodTest\ObwodTest.csproj", "{3E1C4B51-E25E-4789-A5AB-1E4BEC085487}"
EndProject
Project("{2150E333-8FDC-42A3-9474-1A3956D46DE8}") = "NDepend", "NDepend", "{8ABAD81C-33A1-4DC0-9091-0D17EDB2A403}"
EndProject
Project("{FAE04EC0-301F-11D3-BF4B-00C04F79EFBC}") = "Lib1", "Lib1\Lib1.csproj", "{09D07584-4C86-45A6-B636-D53957179542}"
EndProject
Project("{FAE04EC0-301F-11D3-BF4B-00C04F79EFBC}") = "Lib2", "Lib2\Lib2.csproj", "{42478371-B38A-4D74-B59B-2B38F50BA911}"
EndProject
Project("{FAE04EC0-301F-11D3-BF4B-00C04F79EFBC}") = "Lib3", "Lib3\Lib3.csproj", "{5098C080-76D4-4BE5-8FC9-2037896DC399}"
EndProject
Project("{FAE04EC0-301F-11D3-BF4B-00C04F79EFBC}") = "Lib4", "Lib4\Lib4.csproj", "{DBAE537A-7D1D-4E74-8AA3-B7AD0B75A627}"
EndProject
Project("{2150E333-8FDC-42A3-9474-1A3956D46DE8}") = "JavaScriptGC", "JavaScriptGC", "{8F92D5D1-07B4-4DE4-B0E4-E9AD1BCA25B6}"
EndProject
Project("{FAE04EC0-301F-11D3-BF4B-00C04F79EFBC}") = "App1", "App1\App1.csproj", "{CCF737F4-8326-4D1C-B931-8BAF0A98133B}"
EndProject
Global
	GlobalSection(SolutionConfigurationPlatforms) = preSolution
		Debug|Any CPU = Debug|Any CPU
		Release|Any CPU = Release|Any CPU
	EndGlobalSection
	GlobalSection(ProjectConfigurationPlatforms) = postSolution
		{DDAC4402-9EFE-4BB5-B978-2B7848F08C93}.Debug|Any CPU.ActiveCfg = Debug|Any CPU
		{DDAC4402-9EFE-4BB5-B978-2B7848F08C93}.Debug|Any CPU.Build.0 = Debug|Any CPU
		{DDAC4402-9EFE-4BB5-B978-2B7848F08C93}.Release|Any CPU.ActiveCfg = Release|Any CPU
		{DDAC4402-9EFE-4BB5-B978-2B7848F08C93}.Release|Any CPU.Build.0 = Release|Any CPU
		{BE6875A2-D471-4F58-9FC7-39FE09A1775D}.Debug|Any CPU.ActiveCfg = Debug|Any CPU
		{BE6875A2-D471-4F58-9FC7-39FE09A1775D}.Debug|Any CPU.Build.0 = Debug|Any CPU
		{BE6875A2-D471-4F58-9FC7-39FE09A1775D}.Release|Any CPU.ActiveCfg = Release|Any CPU
		{BE6875A2-D471-4F58-9FC7-39FE09A1775D}.Release|Any CPU.Build.0 = Release|Any CPU
		{BFEB37F3-B8EC-436F-B8A8-2F66EDF79845}.Debug|Any CPU.ActiveCfg = Debug|Any CPU
		{BFEB37F3-B8EC-436F-B8A8-2F66EDF79845}.Debug|Any CPU.Build.0 = Debug|Any CPU
		{BFEB37F3-B8EC-436F-B8A8-2F66EDF79845}.Release|Any CPU.ActiveCfg = Release|Any CPU
		{BFEB37F3-B8EC-436F-B8A8-2F66EDF79845}.Release|Any CPU.Build.0 = Release|Any CPU
		{6693C12D-AFC2-4491-ADF9-30C59136D235}.Debug|Any CPU.ActiveCfg = Debug|Any CPU
		{6693C12D-AFC2-4491-ADF9-30C59136D235}.Debug|Any CPU.Build.0 = Debug|Any CPU
		{6693C12D-AFC2-4491-ADF9-30C59136D235}.Release|Any CPU.ActiveCfg = Release|Any CPU
		{6693C12D-AFC2-4491-ADF9-30C59136D235}.Release|Any CPU.Build.0 = Release|Any CPU
		{7C2AE0D6-2B90-4297-ADB3-C45C26BA7B5C}.Debug|Any CPU.ActiveCfg = Debug|Any CPU
		{7C2AE0D6-2B90-4297-ADB3-C45C26BA7B5C}.Debug|Any CPU.Build.0 = Debug|Any CPU
		{7C2AE0D6-2B90-4297-ADB3-C45C26BA7B5C}.Release|Any CPU.ActiveCfg = Release|Any CPU
		{7C2AE0D6-2B90-4297-ADB3-C45C26BA7B5C}.Release|Any CPU.Build.0 = Release|Any CPU
		{7049884B-1794-485E-9AA3-72496AC24912}.Debug|Any CPU.ActiveCfg = Debug|Any CPU
		{7049884B-1794-485E-9AA3-72496AC24912}.Debug|Any CPU.Build.0 = Debug|Any CPU
		{7049884B-1794-485E-9AA3-72496AC24912}.Release|Any CPU.ActiveCfg = Release|Any CPU
		{7049884B-1794-485E-9AA3-72496AC24912}.Release|Any CPU.Build.0 = Release|Any CPU
		{B7C6E9A4-709A-434C-9055-B1477A1CC3D3}.Debug|Any CPU.ActiveCfg = Debug|Any CPU
		{B7C6E9A4-709A-434C-9055-B1477A1CC3D3}.Debug|Any CPU.Build.0 = Debug|Any CPU
		{B7C6E9A4-709A-434C-9055-B1477A1CC3D3}.Release|Any CPU.ActiveCfg = Release|Any CPU
		{B7C6E9A4-709A-434C-9055-B1477A1CC3D3}.Release|Any CPU.Build.0 = Release|Any CPU
		{06244BC2-5FB1-41CC-98A4-6ECA8544A208}.Debug|Any CPU.ActiveCfg = Debug|Any CPU
		{06244BC2-5FB1-41CC-98A4-6ECA8544A208}.Debug|Any CPU.Build.0 = Debug|Any CPU
		{06244BC2-5FB1-41CC-98A4-6ECA8544A208}.Release|Any CPU.ActiveCfg = Release|Any CPU
		{06244BC2-5FB1-41CC-98A4-6ECA8544A208}.Release|Any CPU.Build.0 = Release|Any CPU
		{41110D3F-FD80-4002-B626-D664CB9925B6}.Debug|Any CPU.ActiveCfg = Debug|Any CPU
		{41110D3F-FD80-4002-B626-D664CB9925B6}.Debug|Any CPU.Build.0 = Debug|Any CPU
		{41110D3F-FD80-4002-B626-D664CB9925B6}.Release|Any CPU.ActiveCfg = Release|Any CPU
		{41110D3F-FD80-4002-B626-D664CB9925B6}.Release|Any CPU.Build.0 = Release|Any CPU
		{3E1C4B51-E25E-4789-A5AB-1E4BEC085487}.Debug|Any CPU.ActiveCfg = Debug|Any CPU
		{3E1C4B51-E25E-4789-A5AB-1E4BEC085487}.Debug|Any CPU.Build.0 = Debug|Any CPU
		{3E1C4B51-E25E-4789-A5AB-1E4BEC085487}.Release|Any CPU.ActiveCfg = Release|Any CPU
		{3E1C4B51-E25E-4789-A5AB-1E4BEC085487}.Release|Any CPU.Build.0 = Release|Any CPU
		{09D07584-4C86-45A6-B636-D53957179542}.Debug|Any CPU.ActiveCfg = Debug|Any CPU
		{09D07584-4C86-45A6-B636-D53957179542}.Debug|Any CPU.Build.0 = Debug|Any CPU
		{09D07584-4C86-45A6-B636-D53957179542}.Release|Any CPU.ActiveCfg = Release|Any CPU
		{09D07584-4C86-45A6-B636-D53957179542}.Release|Any CPU.Build.0 = Release|Any CPU
		{42478371-B38A-4D74-B59B-2B38F50BA911}.Debug|Any CPU.ActiveCfg = Debug|Any CPU
		{42478371-B38A-4D74-B59B-2B38F50BA911}.Debug|Any CPU.Build.0 = Debug|Any CPU
		{42478371-B38A-4D74-B59B-2B38F50BA911}.Release|Any CPU.ActiveCfg = Release|Any CPU
		{42478371-B38A-4D74-B59B-2B38F50BA911}.Release|Any CPU.Build.0 = Release|Any CPU
		{5098C080-76D4-4BE5-8FC9-2037896DC399}.Debug|Any CPU.ActiveCfg = Debug|Any CPU
		{5098C080-76D4-4BE5-8FC9-2037896DC399}.Debug|Any CPU.Build.0 = Debug|Any CPU
		{5098C080-76D4-4BE5-8FC9-2037896DC399}.Release|Any CPU.ActiveCfg = Release|Any CPU
		{5098C080-76D4-4BE5-8FC9-2037896DC399}.Release|Any CPU.Build.0 = Release|Any CPU
		{DBAE537A-7D1D-4E74-8AA3-B7AD0B75A627}.Debug|Any CPU.ActiveCfg = Debug|Any CPU
		{DBAE537A-7D1D-4E74-8AA3-B7AD0B75A627}.Debug|Any CPU.Build.0 = Debug|Any CPU
		{DBAE537A-7D1D-4E74-8AA3-B7AD0B75A627}.Release|Any CPU.ActiveCfg = Release|Any CPU
		{DBAE537A-7D1D-4E74-8AA3-B7AD0B75A627}.Release|Any CPU.Build.0 = Release|Any CPU
		{CCF737F4-8326-4D1C-B931-8BAF0A98133B}.Debug|Any CPU.ActiveCfg = Debug|Any CPU
		{CCF737F4-8326-4D1C-B931-8BAF0A98133B}.Debug|Any CPU.Build.0 = Debug|Any CPU
		{CCF737F4-8326-4D1C-B931-8BAF0A98133B}.Release|Any CPU.ActiveCfg = Release|Any CPU
		{CCF737F4-8326-4D1C-B931-8BAF0A98133B}.Release|Any CPU.Build.0 = Release|Any CPU
	EndGlobalSection
	GlobalSection(SolutionProperties) = preSolution
		HideSolutionNode = FALSE
	EndGlobalSection
	GlobalSection(NestedProjects) = preSolution
		{BE6875A2-D471-4F58-9FC7-39FE09A1775D} = {AAF159A8-BDD5-4554-A06A-6FF50DF2AE83}
		{BFEB37F3-B8EC-436F-B8A8-2F66EDF79845} = {AAF159A8-BDD5-4554-A06A-6FF50DF2AE83}
		{6693C12D-AFC2-4491-ADF9-30C59136D235} = {AAF159A8-BDD5-4554-A06A-6FF50DF2AE83}
		{7C2AE0D6-2B90-4297-ADB3-C45C26BA7B5C} = {AAF159A8-BDD5-4554-A06A-6FF50DF2AE83}
		{DDAC4402-9EFE-4BB5-B978-2B7848F08C93} = {AAF159A8-BDD5-4554-A06A-6FF50DF2AE83}
		{7049884B-1794-485E-9AA3-72496AC24912} = {417153F4-4AA8-4DBE-B109-BA62E6FB3EA6}
		{B7C6E9A4-709A-434C-9055-B1477A1CC3D3} = {417153F4-4AA8-4DBE-B109-BA62E6FB3EA6}
		{06244BC2-5FB1-41CC-98A4-6ECA8544A208} = {417153F4-4AA8-4DBE-B109-BA62E6FB3EA6}
		{41110D3F-FD80-4002-B626-D664CB9925B6} = {417153F4-4AA8-4DBE-B109-BA62E6FB3EA6}
		{3E1C4B51-E25E-4789-A5AB-1E4BEC085487} = {0D008D75-8C1A-4455-9B76-14B1E2C1AD5A}
		{09D07584-4C86-45A6-B636-D53957179542} = {8ABAD81C-33A1-4DC0-9091-0D17EDB2A403}
		{42478371-B38A-4D74-B59B-2B38F50BA911} = {8ABAD81C-33A1-4DC0-9091-0D17EDB2A403}
		{5098C080-76D4-4BE5-8FC9-2037896DC399} = {8ABAD81C-33A1-4DC0-9091-0D17EDB2A403}
		{DBAE537A-7D1D-4E74-8AA3-B7AD0B75A627} = {8ABAD81C-33A1-4DC0-9091-0D17EDB2A403}
		{CCF737F4-8326-4D1C-B931-8BAF0A98133B} = {8F92D5D1-07B4-4DE4-B0E4-E9AD1BCA25B6}
	EndGlobalSection
EndGlobal
