
Microsoft Visual Studio Solution File, Format Version 12.00
# Visual Studio 2013
VisualStudioVersion = 12.0.30324.0
MinimumVisualStudioVersion = 10.0.40219.1
Project("{FAE04EC0-301F-11D3-BF4B-00C04F79EFBC}") = "FizzBuzz", "FizzBuzz\FizzBuzz.csproj", "{47405D92-45F9-410C-A1BB-32750FF86DE4}"
EndProject
Project("{FAE04EC0-301F-11D3-BF4B-00C04F79EFBC}") = "FizzBuzzProg", "FizzBuzzProg\FizzBuzzProg.csproj", "{A2D78564-9B82-492C-A41C-C67BAFCEC6E3}"
EndProject
Project("{FAE04EC0-301F-11D3-BF4B-00C04F79EFBC}") = "FizzBuzzWPF", "FizzBuzzWPF\FizzBuzzWPF.csproj", "{6E404AD5-6184-4FE1-B39B-2C7C6B2B4DE8}"
EndProject
Project("{FAE04EC0-301F-11D3-BF4B-00C04F79EFBC}") = "GeoParser", "GeoParser\GeoParser.csproj", "{9868BBC6-40F7-4067-9CF5-EA2DE8398AD6}"
EndProject
Project("{FAE04EC0-301F-11D3-BF4B-00C04F79EFBC}") = "FizzBuzzMVC", "FizzBuzzMVC\FizzBuzzMVC.csproj", "{B93C4F7C-D937-4D81-AFC2-52CF8BB4B1D9}"
EndProject
Project("{2150E333-8FDC-42A3-9474-1A3956D46DE8}") = "DependencyInjection", "DependencyInjection", "{1A9835F9-CFC6-4060-82BB-B936E854CAE0}"
EndProject
Project("{FAE04EC0-301F-11D3-BF4B-00C04F79EFBC}") = "Repository", "Repository\Repository.csproj", "{AD7D98CF-4899-4CC1-947F-D3ED4CE72C1C}"
EndProject
Project("{FAE04EC0-301F-11D3-BF4B-00C04F79EFBC}") = "Application", "Application\Application.csproj", "{2AC738DF-11F5-4811-95F2-DA5C5EE74A36}"
EndProject
Project("{FAE04EC0-301F-11D3-BF4B-00C04F79EFBC}") = "IApplication", "IApplication\IApplication.csproj", "{6F2BA738-2B89-4482-B6E0-91A2316B5A10}"
EndProject
Project("{FAE04EC0-301F-11D3-BF4B-00C04F79EFBC}") = "IRepository", "IRepository\IRepository.csproj", "{35410126-CCF0-414D-8E5A-CA03224DE3CB}"
EndProject
Project("{FAE04EC0-301F-11D3-BF4B-00C04F79EFBC}") = "MVC_Application", "MVC_Application\MVC_Application.csproj", "{263727C4-984F-4CB6-A4C0-3478E6A9A817}"
EndProject
Project("{FAE04EC0-301F-11D3-BF4B-00C04F79EFBC}") = "LSP_Obwod", "LSP_Obwod\LSP_Obwod.csproj", "{AA3E6327-4278-49BE-91F2-78DC8ED20861}"
EndProject
Project("{FAE04EC0-301F-11D3-BF4B-00C04F79EFBC}") = "JavascriptGarbageCollector", "JavascriptGarbageCollector\JavascriptGarbageCollector.csproj", "{076A54DA-C190-4A51-B549-083329EAC4DA}"
EndProject
Global
	GlobalSection(SolutionConfigurationPlatforms) = preSolution
		Debug|Any CPU = Debug|Any CPU
		Release|Any CPU = Release|Any CPU
	EndGlobalSection
	GlobalSection(ProjectConfigurationPlatforms) = postSolution
		{47405D92-45F9-410C-A1BB-32750FF86DE4}.Debug|Any CPU.ActiveCfg = Debug|Any CPU
		{47405D92-45F9-410C-A1BB-32750FF86DE4}.Debug|Any CPU.Build.0 = Debug|Any CPU
		{47405D92-45F9-410C-A1BB-32750FF86DE4}.Release|Any CPU.ActiveCfg = Release|Any CPU
		{47405D92-45F9-410C-A1BB-32750FF86DE4}.Release|Any CPU.Build.0 = Release|Any CPU
		{A2D78564-9B82-492C-A41C-C67BAFCEC6E3}.Debug|Any CPU.ActiveCfg = Debug|Any CPU
		{A2D78564-9B82-492C-A41C-C67BAFCEC6E3}.Debug|Any CPU.Build.0 = Debug|Any CPU
		{A2D78564-9B82-492C-A41C-C67BAFCEC6E3}.Release|Any CPU.ActiveCfg = Release|Any CPU
		{A2D78564-9B82-492C-A41C-C67BAFCEC6E3}.Release|Any CPU.Build.0 = Release|Any CPU
		{6E404AD5-6184-4FE1-B39B-2C7C6B2B4DE8}.Debug|Any CPU.ActiveCfg = Debug|Any CPU
		{6E404AD5-6184-4FE1-B39B-2C7C6B2B4DE8}.Debug|Any CPU.Build.0 = Debug|Any CPU
		{6E404AD5-6184-4FE1-B39B-2C7C6B2B4DE8}.Release|Any CPU.ActiveCfg = Release|Any CPU
		{6E404AD5-6184-4FE1-B39B-2C7C6B2B4DE8}.Release|Any CPU.Build.0 = Release|Any CPU
		{9868BBC6-40F7-4067-9CF5-EA2DE8398AD6}.Debug|Any CPU.ActiveCfg = Debug|Any CPU
		{9868BBC6-40F7-4067-9CF5-EA2DE8398AD6}.Debug|Any CPU.Build.0 = Debug|Any CPU
		{9868BBC6-40F7-4067-9CF5-EA2DE8398AD6}.Release|Any CPU.ActiveCfg = Release|Any CPU
		{9868BBC6-40F7-4067-9CF5-EA2DE8398AD6}.Release|Any CPU.Build.0 = Release|Any CPU
		{B93C4F7C-D937-4D81-AFC2-52CF8BB4B1D9}.Debug|Any CPU.ActiveCfg = Debug|Any CPU
		{B93C4F7C-D937-4D81-AFC2-52CF8BB4B1D9}.Debug|Any CPU.Build.0 = Debug|Any CPU
		{B93C4F7C-D937-4D81-AFC2-52CF8BB4B1D9}.Release|Any CPU.ActiveCfg = Release|Any CPU
		{B93C4F7C-D937-4D81-AFC2-52CF8BB4B1D9}.Release|Any CPU.Build.0 = Release|Any CPU
		{AD7D98CF-4899-4CC1-947F-D3ED4CE72C1C}.Debug|Any CPU.ActiveCfg = Debug|Any CPU
		{AD7D98CF-4899-4CC1-947F-D3ED4CE72C1C}.Debug|Any CPU.Build.0 = Debug|Any CPU
		{AD7D98CF-4899-4CC1-947F-D3ED4CE72C1C}.Release|Any CPU.ActiveCfg = Release|Any CPU
		{AD7D98CF-4899-4CC1-947F-D3ED4CE72C1C}.Release|Any CPU.Build.0 = Release|Any CPU
		{2AC738DF-11F5-4811-95F2-DA5C5EE74A36}.Debug|Any CPU.ActiveCfg = Debug|Any CPU
		{2AC738DF-11F5-4811-95F2-DA5C5EE74A36}.Debug|Any CPU.Build.0 = Debug|Any CPU
		{2AC738DF-11F5-4811-95F2-DA5C5EE74A36}.Release|Any CPU.ActiveCfg = Release|Any CPU
		{2AC738DF-11F5-4811-95F2-DA5C5EE74A36}.Release|Any CPU.Build.0 = Release|Any CPU
		{6F2BA738-2B89-4482-B6E0-91A2316B5A10}.Debug|Any CPU.ActiveCfg = Debug|Any CPU
		{6F2BA738-2B89-4482-B6E0-91A2316B5A10}.Debug|Any CPU.Build.0 = Debug|Any CPU
		{6F2BA738-2B89-4482-B6E0-91A2316B5A10}.Release|Any CPU.ActiveCfg = Release|Any CPU
		{6F2BA738-2B89-4482-B6E0-91A2316B5A10}.Release|Any CPU.Build.0 = Release|Any CPU
		{35410126-CCF0-414D-8E5A-CA03224DE3CB}.Debug|Any CPU.ActiveCfg = Debug|Any CPU
		{35410126-CCF0-414D-8E5A-CA03224DE3CB}.Debug|Any CPU.Build.0 = Debug|Any CPU
		{35410126-CCF0-414D-8E5A-CA03224DE3CB}.Release|Any CPU.ActiveCfg = Release|Any CPU
		{35410126-CCF0-414D-8E5A-CA03224DE3CB}.Release|Any CPU.Build.0 = Release|Any CPU
		{263727C4-984F-4CB6-A4C0-3478E6A9A817}.Debug|Any CPU.ActiveCfg = Debug|Any CPU
		{263727C4-984F-4CB6-A4C0-3478E6A9A817}.Debug|Any CPU.Build.0 = Debug|Any CPU
		{263727C4-984F-4CB6-A4C0-3478E6A9A817}.Release|Any CPU.ActiveCfg = Release|Any CPU
		{263727C4-984F-4CB6-A4C0-3478E6A9A817}.Release|Any CPU.Build.0 = Release|Any CPU
		{AA3E6327-4278-49BE-91F2-78DC8ED20861}.Debug|Any CPU.ActiveCfg = Debug|Any CPU
		{AA3E6327-4278-49BE-91F2-78DC8ED20861}.Debug|Any CPU.Build.0 = Debug|Any CPU
		{AA3E6327-4278-49BE-91F2-78DC8ED20861}.Release|Any CPU.ActiveCfg = Release|Any CPU
		{AA3E6327-4278-49BE-91F2-78DC8ED20861}.Release|Any CPU.Build.0 = Release|Any CPU
		{076A54DA-C190-4A51-B549-083329EAC4DA}.Debug|Any CPU.ActiveCfg = Debug|Any CPU
		{076A54DA-C190-4A51-B549-083329EAC4DA}.Debug|Any CPU.Build.0 = Debug|Any CPU
		{076A54DA-C190-4A51-B549-083329EAC4DA}.Release|Any CPU.ActiveCfg = Release|Any CPU
		{076A54DA-C190-4A51-B549-083329EAC4DA}.Release|Any CPU.Build.0 = Release|Any CPU
	EndGlobalSection
	GlobalSection(SolutionProperties) = preSolution
		HideSolutionNode = FALSE
	EndGlobalSection
	GlobalSection(NestedProjects) = preSolution
		{AD7D98CF-4899-4CC1-947F-D3ED4CE72C1C} = {1A9835F9-CFC6-4060-82BB-B936E854CAE0}
		{2AC738DF-11F5-4811-95F2-DA5C5EE74A36} = {1A9835F9-CFC6-4060-82BB-B936E854CAE0}
		{6F2BA738-2B89-4482-B6E0-91A2316B5A10} = {1A9835F9-CFC6-4060-82BB-B936E854CAE0}
		{35410126-CCF0-414D-8E5A-CA03224DE3CB} = {1A9835F9-CFC6-4060-82BB-B936E854CAE0}
		{263727C4-984F-4CB6-A4C0-3478E6A9A817} = {1A9835F9-CFC6-4060-82BB-B936E854CAE0}
	EndGlobalSection
EndGlobal
