
Microsoft Visual Studio Solution File, Format Version 12.00
# Visual Studio 2013
VisualStudioVersion = 12.0.21005.1
MinimumVisualStudioVersion = 10.0.40219.1
Project("{FAE04EC0-301F-11D3-BF4B-00C04F79EFBC}") = "01_TDD2", "01_TDD2\01_TDD2.csproj", "{99ABC741-D2BD-4FF3-AEAE-BF088C5B0A38}"
EndProject
Project("{FAE04EC0-301F-11D3-BF4B-00C04F79EFBC}") = "TDD_GUI", "TDD_GUI\TDD_GUI.csproj", "{37496BE8-BF74-4842-B3E0-765971B80528}"
EndProject
Project("{FAE04EC0-301F-11D3-BF4B-00C04F79EFBC}") = "WinFormsTDD", "WinFormsTDD\WinFormsTDD.csproj", "{F9DF97E5-1555-4512-AB59-12234CB3E525}"
EndProject
Project("{FAE04EC0-301F-11D3-BF4B-00C04F79EFBC}") = "03_Substitute", "03_Substitute\03_Substitute.csproj", "{547A441B-2F76-4ACE-B26E-B2C869B369DD}"
EndProject
Project("{2150E333-8FDC-42A3-9474-1A3956D46DE8}") = ".nuget", ".nuget", "{3378B58E-8669-4CAD-BEF6-47067661C584}"
	ProjectSection(SolutionItems) = preProject
		.nuget\NuGet.Config = .nuget\NuGet.Config
		.nuget\NuGet.exe = .nuget\NuGet.exe
		.nuget\NuGet.targets = .nuget\NuGet.targets
	EndProjectSection
EndProject
Project("{FAE04EC0-301F-11D3-BF4B-00C04F79EFBC}") = "04_FizzBuzzMVC", "04_FizzBuzzMVC\04_FizzBuzzMVC.csproj", "{AB292F44-51C2-45BF-AD47-A9E5CCB9C422}"
EndProject
Project("{FAE04EC0-301F-11D3-BF4B-00C04F79EFBC}") = "05_MVC", "05_MVC\05_MVC.csproj", "{32773464-B7D1-4A5D-B7BB-1428B376A0AE}"
EndProject
Project("{2150E333-8FDC-42A3-9474-1A3956D46DE8}") = "05", "05", "{CD45AD79-2681-4104-B2C4-3C62E446CEFF}"
EndProject
Project("{FAE04EC0-301F-11D3-BF4B-00C04F79EFBC}") = "05_Repository", "05_Repository\05_Repository.csproj", "{273CE11D-01EE-40AF-8E07-D0EE52355D73}"
EndProject
Project("{FAE04EC0-301F-11D3-BF4B-00C04F79EFBC}") = "05_Application", "05_Application\05_Application.csproj", "{031DAA0D-C3DE-4B37-93FF-B5B8441831F3}"
EndProject
Project("{FAE04EC0-301F-11D3-BF4B-00C04F79EFBC}") = "05_Event", "05_Event\05_Event.csproj", "{05D03D84-1184-4E8E-974E-3B932FCCACC5}"
EndProject
Project("{FAE04EC0-301F-11D3-BF4B-00C04F79EFBC}") = "06", "06\06.csproj", "{492C798C-10A4-4455-81CC-595847DEA7D1}"
EndProject
Global
	GlobalSection(SolutionConfigurationPlatforms) = preSolution
		Debug|Any CPU = Debug|Any CPU
		Release|Any CPU = Release|Any CPU
	EndGlobalSection
	GlobalSection(ProjectConfigurationPlatforms) = postSolution
		{99ABC741-D2BD-4FF3-AEAE-BF088C5B0A38}.Debug|Any CPU.ActiveCfg = Debug|Any CPU
		{99ABC741-D2BD-4FF3-AEAE-BF088C5B0A38}.Debug|Any CPU.Build.0 = Debug|Any CPU
		{99ABC741-D2BD-4FF3-AEAE-BF088C5B0A38}.Release|Any CPU.ActiveCfg = Release|Any CPU
		{99ABC741-D2BD-4FF3-AEAE-BF088C5B0A38}.Release|Any CPU.Build.0 = Release|Any CPU
		{37496BE8-BF74-4842-B3E0-765971B80528}.Debug|Any CPU.ActiveCfg = Debug|Any CPU
		{37496BE8-BF74-4842-B3E0-765971B80528}.Debug|Any CPU.Build.0 = Debug|Any CPU
		{37496BE8-BF74-4842-B3E0-765971B80528}.Release|Any CPU.ActiveCfg = Release|Any CPU
		{37496BE8-BF74-4842-B3E0-765971B80528}.Release|Any CPU.Build.0 = Release|Any CPU
		{F9DF97E5-1555-4512-AB59-12234CB3E525}.Debug|Any CPU.ActiveCfg = Debug|Any CPU
		{F9DF97E5-1555-4512-AB59-12234CB3E525}.Debug|Any CPU.Build.0 = Debug|Any CPU
		{F9DF97E5-1555-4512-AB59-12234CB3E525}.Release|Any CPU.ActiveCfg = Release|Any CPU
		{F9DF97E5-1555-4512-AB59-12234CB3E525}.Release|Any CPU.Build.0 = Release|Any CPU
		{547A441B-2F76-4ACE-B26E-B2C869B369DD}.Debug|Any CPU.ActiveCfg = Debug|Any CPU
		{547A441B-2F76-4ACE-B26E-B2C869B369DD}.Debug|Any CPU.Build.0 = Debug|Any CPU
		{547A441B-2F76-4ACE-B26E-B2C869B369DD}.Release|Any CPU.ActiveCfg = Release|Any CPU
		{547A441B-2F76-4ACE-B26E-B2C869B369DD}.Release|Any CPU.Build.0 = Release|Any CPU
		{AB292F44-51C2-45BF-AD47-A9E5CCB9C422}.Debug|Any CPU.ActiveCfg = Debug|Any CPU
		{AB292F44-51C2-45BF-AD47-A9E5CCB9C422}.Debug|Any CPU.Build.0 = Debug|Any CPU
		{AB292F44-51C2-45BF-AD47-A9E5CCB9C422}.Release|Any CPU.ActiveCfg = Release|Any CPU
		{AB292F44-51C2-45BF-AD47-A9E5CCB9C422}.Release|Any CPU.Build.0 = Release|Any CPU
		{32773464-B7D1-4A5D-B7BB-1428B376A0AE}.Debug|Any CPU.ActiveCfg = Debug|Any CPU
		{32773464-B7D1-4A5D-B7BB-1428B376A0AE}.Debug|Any CPU.Build.0 = Debug|Any CPU
		{32773464-B7D1-4A5D-B7BB-1428B376A0AE}.Release|Any CPU.ActiveCfg = Release|Any CPU
		{32773464-B7D1-4A5D-B7BB-1428B376A0AE}.Release|Any CPU.Build.0 = Release|Any CPU
		{273CE11D-01EE-40AF-8E07-D0EE52355D73}.Debug|Any CPU.ActiveCfg = Debug|Any CPU
		{273CE11D-01EE-40AF-8E07-D0EE52355D73}.Debug|Any CPU.Build.0 = Debug|Any CPU
		{273CE11D-01EE-40AF-8E07-D0EE52355D73}.Release|Any CPU.ActiveCfg = Release|Any CPU
		{273CE11D-01EE-40AF-8E07-D0EE52355D73}.Release|Any CPU.Build.0 = Release|Any CPU
		{031DAA0D-C3DE-4B37-93FF-B5B8441831F3}.Debug|Any CPU.ActiveCfg = Debug|Any CPU
		{031DAA0D-C3DE-4B37-93FF-B5B8441831F3}.Debug|Any CPU.Build.0 = Debug|Any CPU
		{031DAA0D-C3DE-4B37-93FF-B5B8441831F3}.Release|Any CPU.ActiveCfg = Release|Any CPU
		{031DAA0D-C3DE-4B37-93FF-B5B8441831F3}.Release|Any CPU.Build.0 = Release|Any CPU
		{05D03D84-1184-4E8E-974E-3B932FCCACC5}.Debug|Any CPU.ActiveCfg = Debug|Any CPU
		{05D03D84-1184-4E8E-974E-3B932FCCACC5}.Debug|Any CPU.Build.0 = Debug|Any CPU
		{05D03D84-1184-4E8E-974E-3B932FCCACC5}.Release|Any CPU.ActiveCfg = Release|Any CPU
		{05D03D84-1184-4E8E-974E-3B932FCCACC5}.Release|Any CPU.Build.0 = Release|Any CPU
		{492C798C-10A4-4455-81CC-595847DEA7D1}.Debug|Any CPU.ActiveCfg = Debug|Any CPU
		{492C798C-10A4-4455-81CC-595847DEA7D1}.Debug|Any CPU.Build.0 = Debug|Any CPU
		{492C798C-10A4-4455-81CC-595847DEA7D1}.Release|Any CPU.ActiveCfg = Release|Any CPU
		{492C798C-10A4-4455-81CC-595847DEA7D1}.Release|Any CPU.Build.0 = Release|Any CPU
	EndGlobalSection
	GlobalSection(SolutionProperties) = preSolution
		HideSolutionNode = FALSE
	EndGlobalSection
	GlobalSection(NestedProjects) = preSolution
		{32773464-B7D1-4A5D-B7BB-1428B376A0AE} = {CD45AD79-2681-4104-B2C4-3C62E446CEFF}
		{273CE11D-01EE-40AF-8E07-D0EE52355D73} = {CD45AD79-2681-4104-B2C4-3C62E446CEFF}
		{031DAA0D-C3DE-4B37-93FF-B5B8441831F3} = {CD45AD79-2681-4104-B2C4-3C62E446CEFF}
		{05D03D84-1184-4E8E-974E-3B932FCCACC5} = {CD45AD79-2681-4104-B2C4-3C62E446CEFF}
	EndGlobalSection
EndGlobal
