
Microsoft Visual Studio Solution File, Format Version 12.00
# Visual Studio 2012
Project("{FAE04EC0-301F-11D3-BF4B-00C04F79EFBC}") = "Zadanie2", "MvcApplication2\Zadanie2.csproj", "{FB26EEDA-9E73-470D-9627-C5CD90CEEC90}"
EndProject
Project("{FAE04EC0-301F-11D3-BF4B-00C04F79EFBC}") = "ClassLibrary1", "ClassLibrary1\ClassLibrary1.csproj", "{BF750D26-EE18-4728-A1A8-58F1A2E88375}"
EndProject
Global
	GlobalSection(SolutionConfigurationPlatforms) = preSolution
		Debug|Any CPU = Debug|Any CPU
		Release|Any CPU = Release|Any CPU
	EndGlobalSection
	GlobalSection(ProjectConfigurationPlatforms) = postSolution
		{FB26EEDA-9E73-470D-9627-C5CD90CEEC90}.Debug|Any CPU.ActiveCfg = Debug|Any CPU
		{FB26EEDA-9E73-470D-9627-C5CD90CEEC90}.Debug|Any CPU.Build.0 = Debug|Any CPU
		{FB26EEDA-9E73-470D-9627-C5CD90CEEC90}.Release|Any CPU.ActiveCfg = Release|Any CPU
		{FB26EEDA-9E73-470D-9627-C5CD90CEEC90}.Release|Any CPU.Build.0 = Release|Any CPU
		{BF750D26-EE18-4728-A1A8-58F1A2E88375}.Debug|Any CPU.ActiveCfg = Debug|Any CPU
		{BF750D26-EE18-4728-A1A8-58F1A2E88375}.Debug|Any CPU.Build.0 = Debug|Any CPU
		{BF750D26-EE18-4728-A1A8-58F1A2E88375}.Release|Any CPU.ActiveCfg = Release|Any CPU
		{BF750D26-EE18-4728-A1A8-58F1A2E88375}.Release|Any CPU.Build.0 = Release|Any CPU
	EndGlobalSection
	GlobalSection(SolutionProperties) = preSolution
		HideSolutionNode = FALSE
	EndGlobalSection
EndGlobal
