
Microsoft Visual Studio Solution File, Format Version 12.00
# Visual Studio 2013
VisualStudioVersion = 12.0.21005.1
MinimumVisualStudioVersion = 10.0.40219.1
Project("{FAE04EC0-301F-11D3-BF4B-00C04F79EFBC}") = "tbz2", "ClassLibrary1\tbz2.csproj", "{A041AC80-0E8B-41C9-961A-B1BCEEF0DDCF}"
EndProject
Global
	GlobalSection(SolutionConfigurationPlatforms) = preSolution
		Debug|Any CPU = Debug|Any CPU
		Release|Any CPU = Release|Any CPU
	EndGlobalSection
	GlobalSection(ProjectConfigurationPlatforms) = postSolution
		{A041AC80-0E8B-41C9-961A-B1BCEEF0DDCF}.Debug|Any CPU.ActiveCfg = Debug|Any CPU
		{A041AC80-0E8B-41C9-961A-B1BCEEF0DDCF}.Debug|Any CPU.Build.0 = Debug|Any CPU
		{A041AC80-0E8B-41C9-961A-B1BCEEF0DDCF}.Release|Any CPU.ActiveCfg = Release|Any CPU
		{A041AC80-0E8B-41C9-961A-B1BCEEF0DDCF}.Release|Any CPU.Build.0 = Release|Any CPU
	EndGlobalSection
	GlobalSection(SolutionProperties) = preSolution
		HideSolutionNode = FALSE
	EndGlobalSection
EndGlobal
