
Microsoft Visual Studio Solution File, Format Version 12.00
# Visual Studio 2012
Project("{FAE04EC0-301F-11D3-BF4B-00C04F79EFBC}") = "FizzBuzz", "FizzBuzz\FizzBuzz.csproj", "{D0A3960A-4326-4BF3-AF7C-3733002B3914}"
EndProject
Project("{FAE04EC0-301F-11D3-BF4B-00C04F79EFBC}") = "FizzBuzTest", "FizzBuzTest\FizzBuzTest.csproj", "{69CBB841-A571-4CD3-8C1C-D3B20B6675C6}"
EndProject
Global
	GlobalSection(SolutionConfigurationPlatforms) = preSolution
		Debug|Any CPU = Debug|Any CPU
		Release|Any CPU = Release|Any CPU
	EndGlobalSection
	GlobalSection(ProjectConfigurationPlatforms) = postSolution
		{D0A3960A-4326-4BF3-AF7C-3733002B3914}.Debug|Any CPU.ActiveCfg = Debug|Any CPU
		{D0A3960A-4326-4BF3-AF7C-3733002B3914}.Debug|Any CPU.Build.0 = Debug|Any CPU
		{D0A3960A-4326-4BF3-AF7C-3733002B3914}.Release|Any CPU.ActiveCfg = Release|Any CPU
		{D0A3960A-4326-4BF3-AF7C-3733002B3914}.Release|Any CPU.Build.0 = Release|Any CPU
		{69CBB841-A571-4CD3-8C1C-D3B20B6675C6}.Debug|Any CPU.ActiveCfg = Debug|Any CPU
		{69CBB841-A571-4CD3-8C1C-D3B20B6675C6}.Debug|Any CPU.Build.0 = Debug|Any CPU
		{69CBB841-A571-4CD3-8C1C-D3B20B6675C6}.Release|Any CPU.ActiveCfg = Release|Any CPU
		{69CBB841-A571-4CD3-8C1C-D3B20B6675C6}.Release|Any CPU.Build.0 = Release|Any CPU
	EndGlobalSection
	GlobalSection(SolutionProperties) = preSolution
		HideSolutionNode = FALSE
	EndGlobalSection
EndGlobal
