
Microsoft Visual Studio Solution File, Format Version 12.00
# Visual Studio 2013
VisualStudioVersion = 12.0.30324.0
MinimumVisualStudioVersion = 10.0.40219.1
Project("{FAE04EC0-301F-11D3-BF4B-00C04F79EFBC}") = "FizzBuzz", "FizzBuzz\FizzBuzz.csproj", "{ABE452AE-4CF1-4CDD-848F-853D097D9E0A}"
EndProject
Project("{FAE04EC0-301F-11D3-BF4B-00C04F79EFBC}") = "Tests", "Tests\Tests.csproj", "{60173FD5-DD52-46F2-82A7-D5A0BDA4D366}"
EndProject
Global
	GlobalSection(SolutionConfigurationPlatforms) = preSolution
		Debug|Any CPU = Debug|Any CPU
		Release|Any CPU = Release|Any CPU
	EndGlobalSection
	GlobalSection(ProjectConfigurationPlatforms) = postSolution
		{ABE452AE-4CF1-4CDD-848F-853D097D9E0A}.Debug|Any CPU.ActiveCfg = Debug|Any CPU
		{ABE452AE-4CF1-4CDD-848F-853D097D9E0A}.Debug|Any CPU.Build.0 = Debug|Any CPU
		{ABE452AE-4CF1-4CDD-848F-853D097D9E0A}.Release|Any CPU.ActiveCfg = Release|Any CPU
		{ABE452AE-4CF1-4CDD-848F-853D097D9E0A}.Release|Any CPU.Build.0 = Release|Any CPU
		{60173FD5-DD52-46F2-82A7-D5A0BDA4D366}.Debug|Any CPU.ActiveCfg = Debug|Any CPU
		{60173FD5-DD52-46F2-82A7-D5A0BDA4D366}.Debug|Any CPU.Build.0 = Debug|Any CPU
		{60173FD5-DD52-46F2-82A7-D5A0BDA4D366}.Release|Any CPU.ActiveCfg = Release|Any CPU
		{60173FD5-DD52-46F2-82A7-D5A0BDA4D366}.Release|Any CPU.Build.0 = Release|Any CPU
	EndGlobalSection
	GlobalSection(SolutionProperties) = preSolution
		HideSolutionNode = FALSE
	EndGlobalSection
EndGlobal
