
Microsoft Visual Studio Solution File, Format Version 12.00
# Visual Studio 2013
VisualStudioVersion = 12.0.30501.0
MinimumVisualStudioVersion = 10.0.40219.1
Project("{FAE04EC0-301F-11D3-BF4B-00C04F79EFBC}") = "ProjektFizzBuzz", "ProjektFizzBuzz\ProjektFizzBuzz.csproj", "{DC2694FD-B653-4194-81E6-8C2991F072E1}"
EndProject
Project("{FAE04EC0-301F-11D3-BF4B-00C04F79EFBC}") = "TestsFizzBuzz", "TestsFizzBuzz\TestsFizzBuzz.csproj", "{A3E370D7-4EB5-498E-A563-309AB4B21380}"
EndProject
Global
	GlobalSection(SolutionConfigurationPlatforms) = preSolution
		Debug|Any CPU = Debug|Any CPU
		Release|Any CPU = Release|Any CPU
	EndGlobalSection
	GlobalSection(ProjectConfigurationPlatforms) = postSolution
		{DC2694FD-B653-4194-81E6-8C2991F072E1}.Debug|Any CPU.ActiveCfg = Debug|Any CPU
		{DC2694FD-B653-4194-81E6-8C2991F072E1}.Debug|Any CPU.Build.0 = Debug|Any CPU
		{DC2694FD-B653-4194-81E6-8C2991F072E1}.Release|Any CPU.ActiveCfg = Release|Any CPU
		{DC2694FD-B653-4194-81E6-8C2991F072E1}.Release|Any CPU.Build.0 = Release|Any CPU
		{A3E370D7-4EB5-498E-A563-309AB4B21380}.Debug|Any CPU.ActiveCfg = Debug|Any CPU
		{A3E370D7-4EB5-498E-A563-309AB4B21380}.Debug|Any CPU.Build.0 = Debug|Any CPU
		{A3E370D7-4EB5-498E-A563-309AB4B21380}.Release|Any CPU.ActiveCfg = Release|Any CPU
		{A3E370D7-4EB5-498E-A563-309AB4B21380}.Release|Any CPU.Build.0 = Release|Any CPU
	EndGlobalSection
	GlobalSection(SolutionProperties) = preSolution
		HideSolutionNode = FALSE
	EndGlobalSection
EndGlobal
