
Microsoft Visual Studio Solution File, Format Version 12.00
# Visual Studio 2013
VisualStudioVersion = 12.0.30324.0
MinimumVisualStudioVersion = 10.0.40219.1
Project("{FAE04EC0-301F-11D3-BF4B-00C04F79EFBC}") = "ProjektPierwszy", "ProjektPierwszy\ProjektPierwszy.csproj", "{2834FD84-6B06-47AB-9381-2577E8427811}"
EndProject
Project("{FAE04EC0-301F-11D3-BF4B-00C04F79EFBC}") = "ProjektDrugi", "ProjektDrugi\ProjektDrugi.csproj", "{66572845-65B3-4F9D-A800-3A881D7E86F1}"
EndProject
Global
	GlobalSection(SolutionConfigurationPlatforms) = preSolution
		Debug|Any CPU = Debug|Any CPU
		Release|Any CPU = Release|Any CPU
	EndGlobalSection
	GlobalSection(ProjectConfigurationPlatforms) = postSolution
		{2834FD84-6B06-47AB-9381-2577E8427811}.Debug|Any CPU.ActiveCfg = Debug|Any CPU
		{2834FD84-6B06-47AB-9381-2577E8427811}.Debug|Any CPU.Build.0 = Debug|Any CPU
		{2834FD84-6B06-47AB-9381-2577E8427811}.Release|Any CPU.ActiveCfg = Release|Any CPU
		{2834FD84-6B06-47AB-9381-2577E8427811}.Release|Any CPU.Build.0 = Release|Any CPU
		{66572845-65B3-4F9D-A800-3A881D7E86F1}.Debug|Any CPU.ActiveCfg = Debug|Any CPU
		{66572845-65B3-4F9D-A800-3A881D7E86F1}.Debug|Any CPU.Build.0 = Debug|Any CPU
		{66572845-65B3-4F9D-A800-3A881D7E86F1}.Release|Any CPU.ActiveCfg = Release|Any CPU
		{66572845-65B3-4F9D-A800-3A881D7E86F1}.Release|Any CPU.Build.0 = Release|Any CPU
	EndGlobalSection
	GlobalSection(SolutionProperties) = preSolution
		HideSolutionNode = FALSE
	EndGlobalSection
EndGlobal
