
Microsoft Visual Studio Solution File, Format Version 12.00
# Visual Studio 2012
Project("{FAE04EC0-301F-11D3-BF4B-00C04F79EFBC}") = "IOZad2", "IOZad2\IOZad2.csproj", "{5A240790-E0BE-49FA-B84B-3543CDDBFAF7}"
EndProject
Global
	GlobalSection(SolutionConfigurationPlatforms) = preSolution
		Debug|Any CPU = Debug|Any CPU
		Release|Any CPU = Release|Any CPU
	EndGlobalSection
	GlobalSection(ProjectConfigurationPlatforms) = postSolution
		{5A240790-E0BE-49FA-B84B-3543CDDBFAF7}.Debug|Any CPU.ActiveCfg = Debug|Any CPU
		{5A240790-E0BE-49FA-B84B-3543CDDBFAF7}.Debug|Any CPU.Build.0 = Debug|Any CPU
		{5A240790-E0BE-49FA-B84B-3543CDDBFAF7}.Release|Any CPU.ActiveCfg = Release|Any CPU
		{5A240790-E0BE-49FA-B84B-3543CDDBFAF7}.Release|Any CPU.Build.0 = Release|Any CPU
	EndGlobalSection
	GlobalSection(SolutionProperties) = preSolution
		HideSolutionNode = FALSE
	EndGlobalSection
EndGlobal
