
Microsoft Visual Studio Solution File, Format Version 12.00
# Visual Studio 2013
VisualStudioVersion = 12.0.30501.0
MinimumVisualStudioVersion = 10.0.40219.1
Project("{FAE04EC0-301F-11D3-BF4B-00C04F79EFBC}") = "Project1", "Project1\Project1.csproj", "{2C59B76F-1537-4444-AC47-51DE959E8FF3}"
EndProject
Project("{FAE04EC0-301F-11D3-BF4B-00C04F79EFBC}") = "UnitTestProject1", "UnitTestProject1\UnitTestProject1.csproj", "{48523600-70DD-417B-B111-8D9F805D18FC}"
EndProject
Project("{FAE04EC0-301F-11D3-BF4B-00C04F79EFBC}") = "XUnitTest", "XUnitTest\XUnitTest.csproj", "{02802B94-0A6E-45CD-BF86-02CCD87FB15F}"
EndProject
Global
	GlobalSection(SolutionConfigurationPlatforms) = preSolution
		Debug|Any CPU = Debug|Any CPU
		Release|Any CPU = Release|Any CPU
	EndGlobalSection
	GlobalSection(ProjectConfigurationPlatforms) = postSolution
		{2C59B76F-1537-4444-AC47-51DE959E8FF3}.Debug|Any CPU.ActiveCfg = Debug|Any CPU
		{2C59B76F-1537-4444-AC47-51DE959E8FF3}.Debug|Any CPU.Build.0 = Debug|Any CPU
		{2C59B76F-1537-4444-AC47-51DE959E8FF3}.Release|Any CPU.ActiveCfg = Release|Any CPU
		{2C59B76F-1537-4444-AC47-51DE959E8FF3}.Release|Any CPU.Build.0 = Release|Any CPU
		{48523600-70DD-417B-B111-8D9F805D18FC}.Debug|Any CPU.ActiveCfg = Debug|Any CPU
		{48523600-70DD-417B-B111-8D9F805D18FC}.Debug|Any CPU.Build.0 = Debug|Any CPU
		{48523600-70DD-417B-B111-8D9F805D18FC}.Release|Any CPU.ActiveCfg = Release|Any CPU
		{48523600-70DD-417B-B111-8D9F805D18FC}.Release|Any CPU.Build.0 = Release|Any CPU
		{02802B94-0A6E-45CD-BF86-02CCD87FB15F}.Debug|Any CPU.ActiveCfg = Debug|Any CPU
		{02802B94-0A6E-45CD-BF86-02CCD87FB15F}.Debug|Any CPU.Build.0 = Debug|Any CPU
		{02802B94-0A6E-45CD-BF86-02CCD87FB15F}.Release|Any CPU.ActiveCfg = Release|Any CPU
		{02802B94-0A6E-45CD-BF86-02CCD87FB15F}.Release|Any CPU.Build.0 = Release|Any CPU
	EndGlobalSection
	GlobalSection(SolutionProperties) = preSolution
		HideSolutionNode = FALSE
	EndGlobalSection
EndGlobal
