
Microsoft Visual Studio Solution File, Format Version 12.00
# Visual Studio 2013
VisualStudioVersion = 12.0.21005.1
MinimumVisualStudioVersion = 10.0.40219.1
Project("{FAE04EC0-301F-11D3-BF4B-00C04F79EFBC}") = "LSP", "LSP\LSP.csproj", "{A9D2C62B-9698-4614-8451-8D695422D771}"
EndProject
Global
	GlobalSection(SolutionConfigurationPlatforms) = preSolution
		Debug|Any CPU = Debug|Any CPU
		Release|Any CPU = Release|Any CPU
	EndGlobalSection
	GlobalSection(ProjectConfigurationPlatforms) = postSolution
		{A9D2C62B-9698-4614-8451-8D695422D771}.Debug|Any CPU.ActiveCfg = Debug|Any CPU
		{A9D2C62B-9698-4614-8451-8D695422D771}.Debug|Any CPU.Build.0 = Debug|Any CPU
		{A9D2C62B-9698-4614-8451-8D695422D771}.Release|Any CPU.ActiveCfg = Release|Any CPU
		{A9D2C62B-9698-4614-8451-8D695422D771}.Release|Any CPU.Build.0 = Release|Any CPU
	EndGlobalSection
	GlobalSection(SolutionProperties) = preSolution
		HideSolutionNode = FALSE
	EndGlobalSection
EndGlobal
