
Microsoft Visual Studio Solution File, Format Version 12.00
# Visual Studio 2012
Project("{FAE04EC0-301F-11D3-BF4B-00C04F79EFBC}") = "WpfApplication4", "WpfApplication4\WpfApplication4.csproj", "{6720BEAF-E8AF-452E-9959-6DE4D2FD6E44}"
EndProject
Project("{FAE04EC0-301F-11D3-BF4B-00C04F79EFBC}") = "Polek", "Polek\Polek.csproj", "{3236D1B6-F89E-4C69-AA85-F548AA9B1F33}"
EndProject
Project("{FAE04EC0-301F-11D3-BF4B-00C04F79EFBC}") = "inne", "inne\inne.csproj", "{6174603E-FDA2-45A2-AF46-BAACEC0DB74C}"
EndProject
Project("{FAE04EC0-301F-11D3-BF4B-00C04F79EFBC}") = "osta", "osta\osta.csproj", "{591E8DF1-002E-4A83-BECC-4D343647B8AD}"
EndProject
Global
	GlobalSection(SolutionConfigurationPlatforms) = preSolution
		Debug|Any CPU = Debug|Any CPU
		Release|Any CPU = Release|Any CPU
	EndGlobalSection
	GlobalSection(ProjectConfigurationPlatforms) = postSolution
		{6720BEAF-E8AF-452E-9959-6DE4D2FD6E44}.Debug|Any CPU.ActiveCfg = Debug|Any CPU
		{6720BEAF-E8AF-452E-9959-6DE4D2FD6E44}.Debug|Any CPU.Build.0 = Debug|Any CPU
		{6720BEAF-E8AF-452E-9959-6DE4D2FD6E44}.Release|Any CPU.ActiveCfg = Release|Any CPU
		{6720BEAF-E8AF-452E-9959-6DE4D2FD6E44}.Release|Any CPU.Build.0 = Release|Any CPU
		{3236D1B6-F89E-4C69-AA85-F548AA9B1F33}.Debug|Any CPU.ActiveCfg = Debug|Any CPU
		{3236D1B6-F89E-4C69-AA85-F548AA9B1F33}.Debug|Any CPU.Build.0 = Debug|Any CPU
		{3236D1B6-F89E-4C69-AA85-F548AA9B1F33}.Release|Any CPU.ActiveCfg = Release|Any CPU
		{3236D1B6-F89E-4C69-AA85-F548AA9B1F33}.Release|Any CPU.Build.0 = Release|Any CPU
		{6174603E-FDA2-45A2-AF46-BAACEC0DB74C}.Debug|Any CPU.ActiveCfg = Debug|Any CPU
		{6174603E-FDA2-45A2-AF46-BAACEC0DB74C}.Debug|Any CPU.Build.0 = Debug|Any CPU
		{6174603E-FDA2-45A2-AF46-BAACEC0DB74C}.Release|Any CPU.ActiveCfg = Release|Any CPU
		{6174603E-FDA2-45A2-AF46-BAACEC0DB74C}.Release|Any CPU.Build.0 = Release|Any CPU
		{591E8DF1-002E-4A83-BECC-4D343647B8AD}.Debug|Any CPU.ActiveCfg = Debug|Any CPU
		{591E8DF1-002E-4A83-BECC-4D343647B8AD}.Debug|Any CPU.Build.0 = Debug|Any CPU
		{591E8DF1-002E-4A83-BECC-4D343647B8AD}.Release|Any CPU.ActiveCfg = Release|Any CPU
		{591E8DF1-002E-4A83-BECC-4D343647B8AD}.Release|Any CPU.Build.0 = Release|Any CPU
	EndGlobalSection
	GlobalSection(SolutionProperties) = preSolution
		HideSolutionNode = FALSE
	EndGlobalSection
EndGlobal
